{
  "name": "ds9-local-estate",
  "version": "0.1.0",
  "lockfileVersion": 1,
  "requires": true,
  "dependencies": {
    "event-kit": {
      "version": "2.5.1",
      "resolved": "https://registry.npmjs.org/event-kit/-/event-kit-2.5.1.tgz",
      "integrity": "sha512-frzENdbgPE8VQwBhMXWC8U7/qs80HpENLp4/QA8dhltAhQUuBJVgRn9HOjTF9BVpqqTvx3pScK9rm3oRBooTFA=="
    },
    "rcon-client": {
      "version": "3.1.4",
      "resolved": "https://registry.npmjs.org/rcon-client/-/rcon-client-3.1.4.tgz",
      "integrity": "sha512-mK6C11DIrg8GIWYkQ2pzetTrEv97PAk8G8pkjy4jfmzYbn6BZiKXpu75zOXLPTAGWG8B0WlXeNprf0RqQ11sfA==",
      "requires": {
        "event-kit": "^2.1.0"
      }
    }
  }
}
